
Microsoft Visual Studio Solution File, Format Version 12.00
# Visual Studio 15
VisualStudioVersion = 15.0.27428.2015
MinimumVisualStudioVersion = 10.0.40219.1
Project("{FAE04EC0-301F-11D3-BF4B-00C04F79EFBC}") = "KolaNaukowe.API", "KolaNaukowe.API\KolaNaukowe.API.csproj", "{473D508A-28D8-4007-B93D-0C6C921E6C57}"
EndProject
Global
	GlobalSection(SolutionConfigurationPlatforms) = preSolution
		Debug|Any CPU = Debug|Any CPU
		Release|Any CPU = Release|Any CPU
	EndGlobalSection
	GlobalSection(ProjectConfigurationPlatforms) = postSolution
		{473D508A-28D8-4007-B93D-0C6C921E6C57}.Debug|Any CPU.ActiveCfg = Debug|Any CPU
		{473D508A-28D8-4007-B93D-0C6C921E6C57}.Debug|Any CPU.Build.0 = Debug|Any CPU
		{473D508A-28D8-4007-B93D-0C6C921E6C57}.Release|Any CPU.ActiveCfg = Release|Any CPU
		{473D508A-28D8-4007-B93D-0C6C921E6C57}.Release|Any CPU.Build.0 = Release|Any CPU
	EndGlobalSection
	GlobalSection(SolutionProperties) = preSolution
		HideSolutionNode = FALSE
	EndGlobalSection
	GlobalSection(ExtensibilityGlobals) = postSolution
		SolutionGuid = {7702CA85-3D53-42D0-9616-96D9852FB678}
	EndGlobalSection
EndGlobal
