
Microsoft Visual Studio Solution File, Format Version 12.00
# Visual Studio 15
VisualStudioVersion = 15.0.27004.2006
MinimumVisualStudioVersion = 10.0.40219.1
Project("{9A19103F-16F7-4668-BE54-9A1E7A4F7556}") = "KolaNaukowe.web", "KolaNaukowe.web\KolaNaukowe.web.csproj", "{657AB955-D486-4CFD-B81E-BBD2838F38CB}"
EndProject
Global
	GlobalSection(SolutionConfigurationPlatforms) = preSolution
		Debug|Any CPU = Debug|Any CPU
		Release|Any CPU = Release|Any CPU
	EndGlobalSection
	GlobalSection(ProjectConfigurationPlatforms) = postSolution
		{657AB955-D486-4CFD-B81E-BBD2838F38CB}.Debug|Any CPU.ActiveCfg = Debug|Any CPU
		{657AB955-D486-4CFD-B81E-BBD2838F38CB}.Debug|Any CPU.Build.0 = Debug|Any CPU
		{657AB955-D486-4CFD-B81E-BBD2838F38CB}.Release|Any CPU.ActiveCfg = Release|Any CPU
		{657AB955-D486-4CFD-B81E-BBD2838F38CB}.Release|Any CPU.Build.0 = Release|Any CPU
	EndGlobalSection
	GlobalSection(SolutionProperties) = preSolution
		HideSolutionNode = FALSE
	EndGlobalSection
	GlobalSection(ExtensibilityGlobals) = postSolution
		SolutionGuid = {314C7FB7-4B90-46E3-B91B-A7C6A9AEF356}
	EndGlobalSection
EndGlobal
